
Microsoft Visual Studio Solution File, Format Version 12.00
# Visual Studio 14
VisualStudioVersion = 14.0.25420.1
MinimumVisualStudioVersion = 10.0.40219.1
Project("{FAE04EC0-301F-11D3-BF4B-00C04F79EFBC}") = "Angular2", "Angular2\Angular2.csproj", "{B39BFD1D-1CB8-462C-8AC3-019CB9DA3DAA}"
EndProject
Project("{FAE04EC0-301F-11D3-BF4B-00C04F79EFBC}") = "ServiceSupplier", "ServiceSupplier\ServiceSupplier.csproj", "{A91F525A-692E-453B-B8D9-1F26BD3EFBC4}"
EndProject
Global
	GlobalSection(SolutionConfigurationPlatforms) = preSolution
		Debug|Any CPU = Debug|Any CPU
		Release|Any CPU = Release|Any CPU
	EndGlobalSection
	GlobalSection(ProjectConfigurationPlatforms) = postSolution
		{B39BFD1D-1CB8-462C-8AC3-019CB9DA3DAA}.Debug|Any CPU.ActiveCfg = Debug|Any CPU
		{B39BFD1D-1CB8-462C-8AC3-019CB9DA3DAA}.Debug|Any CPU.Build.0 = Debug|Any CPU
		{B39BFD1D-1CB8-462C-8AC3-019CB9DA3DAA}.Release|Any CPU.ActiveCfg = Release|Any CPU
		{B39BFD1D-1CB8-462C-8AC3-019CB9DA3DAA}.Release|Any CPU.Build.0 = Release|Any CPU
		{A91F525A-692E-453B-B8D9-1F26BD3EFBC4}.Debug|Any CPU.ActiveCfg = Debug|Any CPU
		{A91F525A-692E-453B-B8D9-1F26BD3EFBC4}.Debug|Any CPU.Build.0 = Debug|Any CPU
		{A91F525A-692E-453B-B8D9-1F26BD3EFBC4}.Release|Any CPU.ActiveCfg = Release|Any CPU
		{A91F525A-692E-453B-B8D9-1F26BD3EFBC4}.Release|Any CPU.Build.0 = Release|Any CPU
	EndGlobalSection
	GlobalSection(SolutionProperties) = preSolution
		HideSolutionNode = FALSE
	EndGlobalSection
EndGlobal
